
Microsoft Visual Studio Solution File, Format Version 12.00
# Visual Studio 15
VisualStudioVersion = 15.0.26730.12
MinimumVisualStudioVersion = 10.0.40219.1
Project("{FAE04EC0-301F-11D3-BF4B-00C04F79EFBC}") = "SWGOH_TB_Platoon_Optimizer", "SWGOH_TB_Platoon_Optimizer\SWGOH_TB_Platoon_Optimizer.csproj", "{A22EBEFA-B7A1-479B-8E50-EE6AF39D6DF8}"
EndProject
Project("{FAE04EC0-301F-11D3-BF4B-00C04F79EFBC}") = "WebApplication1", "WebApplication1\WebApplication1.csproj", "{EA070D84-83A6-4D6A-9A46-C629433C136E}"
EndProject
Global
	GlobalSection(SolutionConfigurationPlatforms) = preSolution
		Debug|Any CPU = Debug|Any CPU
		Release|Any CPU = Release|Any CPU
	EndGlobalSection
	GlobalSection(ProjectConfigurationPlatforms) = postSolution
		{A22EBEFA-B7A1-479B-8E50-EE6AF39D6DF8}.Debug|Any CPU.ActiveCfg = Debug|Any CPU
		{A22EBEFA-B7A1-479B-8E50-EE6AF39D6DF8}.Debug|Any CPU.Build.0 = Debug|Any CPU
		{A22EBEFA-B7A1-479B-8E50-EE6AF39D6DF8}.Release|Any CPU.ActiveCfg = Release|Any CPU
		{A22EBEFA-B7A1-479B-8E50-EE6AF39D6DF8}.Release|Any CPU.Build.0 = Release|Any CPU
		{EA070D84-83A6-4D6A-9A46-C629433C136E}.Debug|Any CPU.ActiveCfg = Debug|Any CPU
		{EA070D84-83A6-4D6A-9A46-C629433C136E}.Debug|Any CPU.Build.0 = Debug|Any CPU
		{EA070D84-83A6-4D6A-9A46-C629433C136E}.Release|Any CPU.ActiveCfg = Release|Any CPU
		{EA070D84-83A6-4D6A-9A46-C629433C136E}.Release|Any CPU.Build.0 = Release|Any CPU
	EndGlobalSection
	GlobalSection(SolutionProperties) = preSolution
		HideSolutionNode = FALSE
	EndGlobalSection
	GlobalSection(ExtensibilityGlobals) = postSolution
		SolutionGuid = {9FA34A0D-58D5-4E0B-AA24-7D405241A044}
	EndGlobalSection
EndGlobal
