
Microsoft Visual Studio Solution File, Format Version 12.00
# Visual Studio 15
VisualStudioVersion = 15.0.26730.12
MinimumVisualStudioVersion = 10.0.40219.1
Project("{FAE04EC0-301F-11D3-BF4B-00C04F79EFBC}") = "SWGOH_TB_Platoon_Optimizer", "SWGOH_TB_Platoon_Optimizer\SWGOH_TB_Platoon_Optimizer.csproj", "{A22EBEFA-B7A1-479B-8E50-EE6AF39D6DF8}"
EndProject
Project("{FAE04EC0-301F-11D3-BF4B-00C04F79EFBC}") = "SWGOH.Entities", "SWGOH.Entities\SWGOH.Entities.csproj", "{632DF2C7-22F7-4EB8-9D15-C3AAA48D2F57}"
EndProject
Project("{FAE04EC0-301F-11D3-BF4B-00C04F79EFBC}") = "SWGOH.Web", "SWGOH.Web\SWGOH.Web.csproj", "{1B72BEC0-3C1B-4052-ABE0-5827BC11CE93}"
EndProject
Global
	GlobalSection(SolutionConfigurationPlatforms) = preSolution
		Debug|Any CPU = Debug|Any CPU
		Release|Any CPU = Release|Any CPU
	EndGlobalSection
	GlobalSection(ProjectConfigurationPlatforms) = postSolution
		{A22EBEFA-B7A1-479B-8E50-EE6AF39D6DF8}.Debug|Any CPU.ActiveCfg = Debug|Any CPU
		{A22EBEFA-B7A1-479B-8E50-EE6AF39D6DF8}.Debug|Any CPU.Build.0 = Debug|Any CPU
		{A22EBEFA-B7A1-479B-8E50-EE6AF39D6DF8}.Release|Any CPU.ActiveCfg = Release|Any CPU
		{A22EBEFA-B7A1-479B-8E50-EE6AF39D6DF8}.Release|Any CPU.Build.0 = Release|Any CPU
		{632DF2C7-22F7-4EB8-9D15-C3AAA48D2F57}.Debug|Any CPU.ActiveCfg = Debug|Any CPU
		{632DF2C7-22F7-4EB8-9D15-C3AAA48D2F57}.Debug|Any CPU.Build.0 = Debug|Any CPU
		{632DF2C7-22F7-4EB8-9D15-C3AAA48D2F57}.Release|Any CPU.ActiveCfg = Release|Any CPU
		{632DF2C7-22F7-4EB8-9D15-C3AAA48D2F57}.Release|Any CPU.Build.0 = Release|Any CPU
		{1B72BEC0-3C1B-4052-ABE0-5827BC11CE93}.Debug|Any CPU.ActiveCfg = Debug|Any CPU
		{1B72BEC0-3C1B-4052-ABE0-5827BC11CE93}.Debug|Any CPU.Build.0 = Debug|Any CPU
		{1B72BEC0-3C1B-4052-ABE0-5827BC11CE93}.Release|Any CPU.ActiveCfg = Release|Any CPU
		{1B72BEC0-3C1B-4052-ABE0-5827BC11CE93}.Release|Any CPU.Build.0 = Release|Any CPU
	EndGlobalSection
	GlobalSection(SolutionProperties) = preSolution
		HideSolutionNode = FALSE
	EndGlobalSection
	GlobalSection(ExtensibilityGlobals) = postSolution
		SolutionGuid = {9FA34A0D-58D5-4E0B-AA24-7D405241A044}
	EndGlobalSection
EndGlobal
